<?xml version="1.0" encoding="utf-8"?>
<Project ToolsVersion="4.0" xmlns="http://schemas.microsoft.com/developer/msbuild/2003">
  <ItemGroup>
    <Filter Include="源文件">
      <UniqueIdentifier>{4FC737F1-C7A5-4376-A066-2A32D752A2FF}</UniqueIdentifier>
      <Extensions>cpp;c;cc;cxx;c++;cppm;ixx;def;odl;idl;hpj;bat;asm;asmx</Extensions>
    </Filter>
    <Filter Include="头文件">
      <UniqueIdentifier>{93995380-89BD-4b04-88EB-625FBE52EBFB}</UniqueIdentifier>
      <Extensions>h;hh;hpp;hxx;h++;hm;inl;inc;ipp;xsd</Extensions>
    </Filter>
    <Filter Include="资源文件">
      <UniqueIdentifier>{67DA6AB6-F800-4c08-8B7A-83BB121AAD01}</UniqueIdentifier>
      <Extensions>rc;ico;cur;bmp;dlg;rc2;rct;bin;rgs;gif;jpg;jpeg;jpe;resx;tiff;tif;png;wav;mfcribbon-ms</Extensions>
    </Filter>
    <Filter Include="unreal_engine">
      <UniqueIdentifier>{a25b8126-c646-4209-a2fb-ddecf1815606}</UniqueIdentifier>
    </Filter>
    <Filter Include="imgui">
      <UniqueIdentifier>{742c2993-b61d-49ce-b4c9-407aa7119fe5}</UniqueIdentifier>
    </Filter>
    <Filter Include="structs">
      <UniqueIdentifier>{1b98fa8c-85cc-49fa-a361-05f5a0fa90e0}</UniqueIdentifier>
    </Filter>
    <Filter Include="utils">
      <UniqueIdentifier>{e9486e4e-10e7-401e-ba20-6693f844a6bf}</UniqueIdentifier>
    </Filter>
    <Filter Include="entity">
      <UniqueIdentifier>{90b05937-f7e2-4ac8-91a8-ecd05032c2aa}</UniqueIdentifier>
    </Filter>
    <Filter Include="draw">
      <UniqueIdentifier>{a5a2c08f-653a-4dd0-84ca-93b8f2d46f03}</UniqueIdentifier>
    </Filter>
    <Filter Include="box">
      <UniqueIdentifier>{0c364e5a-b406-4912-821a-56696ddc010a}</UniqueIdentifier>
    </Filter>
  </ItemGroup>
  <ItemGroup>
    <ClCompile Include="dllmain.cpp">
      <Filter>源文件</Filter>
    </ClCompile>
    <ClCompile Include="imgui\imgui.cpp">
      <Filter>imgui</Filter>
    </ClCompile>
    <ClCompile Include="imgui\imgui_draw.cpp">
      <Filter>imgui</Filter>
    </ClCompile>
    <ClCompile Include="imgui\imgui_impl_dx11.cpp">
      <Filter>imgui</Filter>
    </ClCompile>
    <ClCompile Include="imgui\imgui_impl_win32.cpp">
      <Filter>imgui</Filter>
    </ClCompile>
    <ClCompile Include="imgui\imgui_tables.cpp">
      <Filter>imgui</Filter>
    </ClCompile>
    <ClCompile Include="imgui\imgui_widgets.cpp">
      <Filter>imgui</Filter>
    </ClCompile>
    <ClCompile Include="utils\graphics.cpp">
      <Filter>utils</Filter>
    </ClCompile>
    <ClCompile Include="utils\memory.cpp">
      <Filter>utils</Filter>
    </ClCompile>
    <ClCompile Include="utils\searcher.cpp">
      <Filter>utils</Filter>
    </ClCompile>
    <ClCompile Include="entity\entry.cpp">
      <Filter>entity</Filter>
    </ClCompile>
    <ClCompile Include="draw\control.cpp">
      <Filter>draw</Filter>
    </ClCompile>
    <ClCompile Include="draw\draws.cpp">
      <Filter>draw</Filter>
    </ClCompile>
    <ClCompile Include="box\boxs.cpp">
      <Filter>box</Filter>
    </ClCompile>
    <ClCompile Include="box\context.cpp">
      <Filter>box</Filter>
    </ClCompile>
    <ClCompile Include="box\mappers.cpp">
      <Filter>box</Filter>
    </ClCompile>
    <ClCompile Include="box\services.cpp">
      <Filter>box</Filter>
    </ClCompile>
    <ClCompile Include="box\switched.cpp">
      <Filter>box</Filter>
    </ClCompile>
  </ItemGroup>
  <ItemGroup>
    <ClInclude Include="imgui\imconfig.h">
      <Filter>imgui</Filter>
    </ClInclude>
    <ClInclude Include="imgui\imgui.h">
      <Filter>imgui</Filter>
    </ClInclude>
    <ClInclude Include="imgui\imgui_impl_dx11.h">
      <Filter>imgui</Filter>
    </ClInclude>
    <ClInclude Include="imgui\imgui_impl_win32.h">
      <Filter>imgui</Filter>
    </ClInclude>
    <ClInclude Include="imgui\imgui_internal.h">
      <Filter>imgui</Filter>
    </ClInclude>
    <ClInclude Include="imgui\imstb_rectpack.h">
      <Filter>imgui</Filter>
    </ClInclude>
    <ClInclude Include="imgui\imstb_textedit.h">
      <Filter>imgui</Filter>
    </ClInclude>
    <ClInclude Include="imgui\imstb_truetype.h">
      <Filter>imgui</Filter>
    </ClInclude>
    <ClInclude Include="unreal_engine\AActor.h">
      <Filter>unreal_engine</Filter>
    </ClInclude>
    <ClInclude Include="unreal_engine\Array.h">
      <Filter>unreal_engine</Filter>
    </ClInclude>
    <ClInclude Include="unreal_engine\GameInstance.h">
      <Filter>unreal_engine</Filter>
    </ClInclude>
    <ClInclude Include="unreal_engine\Level.h">
      <Filter>unreal_engine</Filter>
    </ClInclude>
    <ClInclude Include="unreal_engine\NameTypes.h">
      <Filter>unreal_engine</Filter>
    </ClInclude>
    <ClInclude Include="unreal_engine\Platform.h">
      <Filter>unreal_engine</Filter>
    </ClInclude>
    <ClInclude Include="unreal_engine\Player.h">
      <Filter>unreal_engine</Filter>
    </ClInclude>
    <ClInclude Include="unreal_engine\SceneComponent.h">
      <Filter>unreal_engine</Filter>
    </ClInclude>
    <ClInclude Include="unreal_engine\TransformVectorized.h">
      <Filter>unreal_engine</Filter>
    </ClInclude>
    <ClInclude Include="unreal_engine\UObject.h">
      <Filter>unreal_engine</Filter>
    </ClInclude>
    <ClInclude Include="unreal_engine\Vector.h">
      <Filter>unreal_engine</Filter>
    </ClInclude>
    <ClInclude Include="unreal_engine\World.h">
      <Filter>unreal_engine</Filter>
    </ClInclude>
    <ClInclude Include="structs\action.h">
      <Filter>structs</Filter>
    </ClInclude>
    <ClInclude Include="structs\affected.h">
      <Filter>structs</Filter>
    </ClInclude>
    <ClInclude Include="structs\attack.h">
      <Filter>structs</Filter>
    </ClInclude>
    <ClInclude Include="structs\body.h">
      <Filter>structs</Filter>
    </ClInclude>
    <ClInclude Include="imgui\alifont.hpp">
      <Filter>imgui</Filter>
    </ClInclude>
    <ClInclude Include="structs\props.h">
      <Filter>structs</Filter>
    </ClInclude>
    <ClInclude Include="structs\objects.h">
      <Filter>structs</Filter>
    </ClInclude>
    <ClInclude Include="utils\graphics.h">
      <Filter>utils</Filter>
    </ClInclude>
    <ClInclude Include="utils\memory.h">
      <Filter>utils</Filter>
    </ClInclude>
    <ClInclude Include="utils\scope_exit.hpp">
      <Filter>utils</Filter>
    </ClInclude>
    <ClInclude Include="utils\searcher.h">
      <Filter>utils</Filter>
    </ClInclude>
    <ClInclude Include="entity\entry.h">
      <Filter>entity</Filter>
    </ClInclude>
    <ClInclude Include="draw\control.h">
      <Filter>draw</Filter>
    </ClInclude>
    <ClInclude Include="draw\draws.h">
      <Filter>draw</Filter>
    </ClInclude>
    <ClInclude Include="box\services.h">
      <Filter>box</Filter>
    </ClInclude>
    <ClInclude Include="box\signatures.hpp">
      <Filter>box</Filter>
    </ClInclude>
    <ClInclude Include="box\boxs.h">
      <Filter>box</Filter>
    </ClInclude>
    <ClInclude Include="box\context.h">
      <Filter>box</Filter>
    </ClInclude>
    <ClInclude Include="box\mappers.h">
      <Filter>box</Filter>
    </ClInclude>
    <ClInclude Include="utils\logger.hpp">
      <Filter>utils</Filter>
    </ClInclude>
    <ClInclude Include="utils\singleton.hpp">
      <Filter>utils</Filter>
    </ClInclude>
    <ClInclude Include="structs\object.h">
      <Filter>structs</Filter>
    </ClInclude>
    <ClInclude Include="box\switched.h">
      <Filter>box</Filter>
    </ClInclude>
  </ItemGroup>
</Project>